Microsoft Visual Studio Solution File, Format Version 11.00
# Visual Studio 2008

Project("{308FD1A1-BC80-8646-0E32-351320EC30CC}") = "MyFirstUnityProject", "Assembly-CSharp-firstpass.csproj", "{E224772A-B7A0-4BE1-F441-232FCE548646}"
EndProject
Project("{308FD1A1-BC80-8646-0E32-351320EC30CC}") = "MyFirstUnityProject", "Assembly-CSharp-Editor.csproj", "{890B88F5-7E07-ECB2-7697-06FAC3269154}"
EndProject
Global
	GlobalSection(SolutionConfigurationPlatforms) = preSolution
		Debug|Any CPU = Debug|Any CPU
		Release|Any CPU = Release|Any CPU
	EndGlobalSection
	GlobalSection(ProjectConfigurationPlatforms) = postSolution
		{E224772A-B7A0-4BE1-F441-232FCE548646}.Debug|Any CPU.ActiveCfg = Debug|Any CPU
		{E224772A-B7A0-4BE1-F441-232FCE548646}.Debug|Any CPU.Build.0 = Debug|Any CPU
		{E224772A-B7A0-4BE1-F441-232FCE548646}.Release|Any CPU.ActiveCfg = Release|Any CPU
		{E224772A-B7A0-4BE1-F441-232FCE548646}.Release|Any CPU.Build.0 = Release|Any CPU
		{890B88F5-7E07-ECB2-7697-06FAC3269154}.Debug|Any CPU.ActiveCfg = Debug|Any CPU
		{890B88F5-7E07-ECB2-7697-06FAC3269154}.Debug|Any CPU.Build.0 = Debug|Any CPU
		{890B88F5-7E07-ECB2-7697-06FAC3269154}.Release|Any CPU.ActiveCfg = Release|Any CPU
		{890B88F5-7E07-ECB2-7697-06FAC3269154}.Release|Any CPU.Build.0 = Release|Any CPU
	EndGlobalSection
	GlobalSection(SolutionProperties) = preSolution
		HideSolutionNode = FALSE
	EndGlobalSection
	GlobalSection(MonoDevelopProperties) = preSolution
		StartupItem = Assembly-CSharp.csproj
	EndGlobalSection
EndGlobal
